
Microsoft Visual Studio Solution File, Format Version 12.00
# Visual Studio Version 17
VisualStudioVersion = 17.6.33829.357
MinimumVisualStudioVersion = 10.0.40219.1
Project("{9A19103F-16F7-4668-BE54-9A1E7A4F7556}") = "ResearchWork.Application", "ResearchWork.Application\ResearchWork.Application.csproj", "{D3F4567E-B28B-4944-BFDE-1F5216D0C5A4}"
EndProject
Project("{9A19103F-16F7-4668-BE54-9A1E7A4F7556}") = "ResearchWork.IO", "ResearchWork.IO\ResearchWork.IO.csproj", "{445BDEF9-EEF5-4543-885A-E6394CCB6EEB}"
EndProject
Project("{9A19103F-16F7-4668-BE54-9A1E7A4F7556}") = "ResearchWork.Calculation", "ResearchWork.Calculation\ResearchWork.Calculation.csproj", "{C400E17C-CBC7-4EF3-98FA-133E7B8BDABE}"
EndProject
Global
	GlobalSection(SolutionConfigurationPlatforms) = preSolution
		Debug|Any CPU = Debug|Any CPU
		Release|Any CPU = Release|Any CPU
	EndGlobalSection
	GlobalSection(ProjectConfigurationPlatforms) = postSolution
		{D3F4567E-B28B-4944-BFDE-1F5216D0C5A4}.Debug|Any CPU.ActiveCfg = Debug|Any CPU
		{D3F4567E-B28B-4944-BFDE-1F5216D0C5A4}.Debug|Any CPU.Build.0 = Debug|Any CPU
		{D3F4567E-B28B-4944-BFDE-1F5216D0C5A4}.Release|Any CPU.ActiveCfg = Release|Any CPU
		{D3F4567E-B28B-4944-BFDE-1F5216D0C5A4}.Release|Any CPU.Build.0 = Release|Any CPU
		{445BDEF9-EEF5-4543-885A-E6394CCB6EEB}.Debug|Any CPU.ActiveCfg = Debug|Any CPU
		{445BDEF9-EEF5-4543-885A-E6394CCB6EEB}.Debug|Any CPU.Build.0 = Debug|Any CPU
		{445BDEF9-EEF5-4543-885A-E6394CCB6EEB}.Release|Any CPU.ActiveCfg = Release|Any CPU
		{445BDEF9-EEF5-4543-885A-E6394CCB6EEB}.Release|Any CPU.Build.0 = Release|Any CPU
		{C400E17C-CBC7-4EF3-98FA-133E7B8BDABE}.Debug|Any CPU.ActiveCfg = Debug|Any CPU
		{C400E17C-CBC7-4EF3-98FA-133E7B8BDABE}.Debug|Any CPU.Build.0 = Debug|Any CPU
		{C400E17C-CBC7-4EF3-98FA-133E7B8BDABE}.Release|Any CPU.ActiveCfg = Release|Any CPU
		{C400E17C-CBC7-4EF3-98FA-133E7B8BDABE}.Release|Any CPU.Build.0 = Release|Any CPU
	EndGlobalSection
	GlobalSection(SolutionProperties) = preSolution
		HideSolutionNode = FALSE
	EndGlobalSection
	GlobalSection(ExtensibilityGlobals) = postSolution
		SolutionGuid = {FDD4CF45-713D-4938-8573-9F67A0E07DF0}
	EndGlobalSection
EndGlobal
